
Microsoft Visual Studio Solution File, Format Version 12.00
# Visual Studio Version 16
VisualStudioVersion = 16.0.31729.503
MinimumVisualStudioVersion = 10.0.40219.1
Project("{FAE04EC0-301F-11D3-BF4B-00C04F79EFBC}") = "ThiagoStore.Order.Domain", "ThiagoStore.Order.Domain\ThiagoStore.Order.Domain.csproj", "{3ABC6A0B-FF7A-40E0-A29D-D367F5CB2E6C}"
EndProject
Project("{FAE04EC0-301F-11D3-BF4B-00C04F79EFBC}") = "ThiagoStore.SharedContext", "ThiagoStore.SharedContext\ThiagoStore.SharedContext.csproj", "{65CFE060-E6BB-4F05-8CB3-8056CD4FF963}"
EndProject
Project("{FAE04EC0-301F-11D3-BF4B-00C04F79EFBC}") = "ThiagoStore.Order.Infra", "ThiagoStore.Order.Infra\ThiagoStore.Order.Infra.csproj", "{2CBEAD77-A8DE-41F5-B944-CAC654E457D0}"
EndProject
Project("{FAE04EC0-301F-11D3-BF4B-00C04F79EFBC}") = "ThiagoStore.Payment.Domain", "ThiagoStore.Payment.Domain\ThiagoStore.Payment.Domain.csproj", "{0AD684F9-4A60-472F-93CE-02D0065BA650}"
EndProject
Project("{FAE04EC0-301F-11D3-BF4B-00C04F79EFBC}") = "ThiagoStore.Shipping.Domain", "ThiagoStore.Shipping.Domain\ThiagoStore.Shipping.Domain.csproj", "{2A4F157C-0784-45B3-AB07-156F663F8C6D}"
EndProject
Global
	GlobalSection(SolutionConfigurationPlatforms) = preSolution
		Debug|Any CPU = Debug|Any CPU
		Release|Any CPU = Release|Any CPU
	EndGlobalSection
	GlobalSection(ProjectConfigurationPlatforms) = postSolution
		{3ABC6A0B-FF7A-40E0-A29D-D367F5CB2E6C}.Debug|Any CPU.ActiveCfg = Debug|Any CPU
		{3ABC6A0B-FF7A-40E0-A29D-D367F5CB2E6C}.Debug|Any CPU.Build.0 = Debug|Any CPU
		{3ABC6A0B-FF7A-40E0-A29D-D367F5CB2E6C}.Release|Any CPU.ActiveCfg = Release|Any CPU
		{3ABC6A0B-FF7A-40E0-A29D-D367F5CB2E6C}.Release|Any CPU.Build.0 = Release|Any CPU
		{65CFE060-E6BB-4F05-8CB3-8056CD4FF963}.Debug|Any CPU.ActiveCfg = Debug|Any CPU
		{65CFE060-E6BB-4F05-8CB3-8056CD4FF963}.Debug|Any CPU.Build.0 = Debug|Any CPU
		{65CFE060-E6BB-4F05-8CB3-8056CD4FF963}.Release|Any CPU.ActiveCfg = Release|Any CPU
		{65CFE060-E6BB-4F05-8CB3-8056CD4FF963}.Release|Any CPU.Build.0 = Release|Any CPU
		{2CBEAD77-A8DE-41F5-B944-CAC654E457D0}.Debug|Any CPU.ActiveCfg = Debug|Any CPU
		{2CBEAD77-A8DE-41F5-B944-CAC654E457D0}.Debug|Any CPU.Build.0 = Debug|Any CPU
		{2CBEAD77-A8DE-41F5-B944-CAC654E457D0}.Release|Any CPU.ActiveCfg = Release|Any CPU
		{2CBEAD77-A8DE-41F5-B944-CAC654E457D0}.Release|Any CPU.Build.0 = Release|Any CPU
		{0AD684F9-4A60-472F-93CE-02D0065BA650}.Debug|Any CPU.ActiveCfg = Debug|Any CPU
		{0AD684F9-4A60-472F-93CE-02D0065BA650}.Debug|Any CPU.Build.0 = Debug|Any CPU
		{0AD684F9-4A60-472F-93CE-02D0065BA650}.Release|Any CPU.ActiveCfg = Release|Any CPU
		{0AD684F9-4A60-472F-93CE-02D0065BA650}.Release|Any CPU.Build.0 = Release|Any CPU
		{2A4F157C-0784-45B3-AB07-156F663F8C6D}.Debug|Any CPU.ActiveCfg = Debug|Any CPU
		{2A4F157C-0784-45B3-AB07-156F663F8C6D}.Debug|Any CPU.Build.0 = Debug|Any CPU
		{2A4F157C-0784-45B3-AB07-156F663F8C6D}.Release|Any CPU.ActiveCfg = Release|Any CPU
		{2A4F157C-0784-45B3-AB07-156F663F8C6D}.Release|Any CPU.Build.0 = Release|Any CPU
	EndGlobalSection
	GlobalSection(SolutionProperties) = preSolution
		HideSolutionNode = FALSE
	EndGlobalSection
	GlobalSection(ExtensibilityGlobals) = postSolution
		SolutionGuid = {4EA6299F-CE3E-429F-932E-E987AE148E58}
	EndGlobalSection
EndGlobal
